packages:
  - git: https://{{ env_var('DBT_ENV_SECRET_GIT_ACCESS_TOKEN') }}@github.com/agencypmg/agencypmg-dbt-utils.git
    name: agencypmg_utils
    revision: 5a42d641427de9462229af3d759b233496237784
  - name: dbt_utils
    package: dbt-labs/dbt_utils
    version: 1.3.0
sha1_hash: 9c444f3ced271e987e33df6131e869689bd9d0e1
